
Microsoft Visual Studio Solution File, Format Version 12.00
# Visual Studio Version 17
VisualStudioVersion = 17.9.34902.65
MinimumVisualStudioVersion = 10.0.40219.1
Project("{9A19103F-16F7-4668-BE54-9A1E7A4F7556}") = "TicTacToe", "TicTacToe.csproj", "{5C482A8F-054A-4526-A6F5-001BBF8A8D21}"
EndProject
Global
	GlobalSection(SolutionConfigurationPlatforms) = preSolution
		Debug|Any CPU = Debug|Any CPU
		Release|Any CPU = Release|Any CPU
	EndGlobalSection
	GlobalSection(ProjectConfigurationPlatforms) = postSolution
		{5C482A8F-054A-4526-A6F5-001BBF8A8D21}.Debug|Any CPU.ActiveCfg = Debug|Any CPU
		{5C482A8F-054A-4526-A6F5-001BBF8A8D21}.Debug|Any CPU.Build.0 = Debug|Any CPU
		{5C482A8F-054A-4526-A6F5-001BBF8A8D21}.Release|Any CPU.ActiveCfg = Release|Any CPU
		{5C482A8F-054A-4526-A6F5-001BBF8A8D21}.Release|Any CPU.Build.0 = Release|Any CPU
	EndGlobalSection
	GlobalSection(SolutionProperties) = preSolution
		HideSolutionNode = FALSE
	EndGlobalSection
	GlobalSection(ExtensibilityGlobals) = postSolution
		SolutionGuid = {112D97BD-A3B6-495A-AF8E-4A217BD20AB7}
	EndGlobalSection
EndGlobal
